
Microsoft Visual Studio Solution File, Format Version 12.00
# Visual Studio 14
VisualStudioVersion = 14.0.24720.0
MinimumVisualStudioVersion = 10.0.40219.1
Project("{FAE04EC0-301F-11D3-BF4B-00C04F79EFBC}") = "BinarySearch", "BinarySearch\BinarySearch.csproj", "{7A9D7AF9-3A47-440D-B5E5-135C3DFE4BA5}"
EndProject
Project("{FAE04EC0-301F-11D3-BF4B-00C04F79EFBC}") = "BinarySearchTests", "BinarySearchTests\BinarySearchTests.csproj", "{BC8ACADC-ED44-4ED8-ABFC-6CC2349B6D62}"
EndProject
Global
	GlobalSection(SolutionConfigurationPlatforms) = preSolution
		Debug|Any CPU = Debug|Any CPU
		Release|Any CPU = Release|Any CPU
	EndGlobalSection
	GlobalSection(ProjectConfigurationPlatforms) = postSolution
		{7A9D7AF9-3A47-440D-B5E5-135C3DFE4BA5}.Debug|Any CPU.ActiveCfg = Debug|Any CPU
		{7A9D7AF9-3A47-440D-B5E5-135C3DFE4BA5}.Debug|Any CPU.Build.0 = Debug|Any CPU
		{7A9D7AF9-3A47-440D-B5E5-135C3DFE4BA5}.Release|Any CPU.ActiveCfg = Release|Any CPU
		{7A9D7AF9-3A47-440D-B5E5-135C3DFE4BA5}.Release|Any CPU.Build.0 = Release|Any CPU
		{BC8ACADC-ED44-4ED8-ABFC-6CC2349B6D62}.Debug|Any CPU.ActiveCfg = Debug|Any CPU
		{BC8ACADC-ED44-4ED8-ABFC-6CC2349B6D62}.Debug|Any CPU.Build.0 = Debug|Any CPU
		{BC8ACADC-ED44-4ED8-ABFC-6CC2349B6D62}.Release|Any CPU.ActiveCfg = Release|Any CPU
		{BC8ACADC-ED44-4ED8-ABFC-6CC2349B6D62}.Release|Any CPU.Build.0 = Release|Any CPU
	EndGlobalSection
	GlobalSection(SolutionProperties) = preSolution
		HideSolutionNode = FALSE
	EndGlobalSection
EndGlobal
